
Microsoft Visual Studio Solution File, Format Version 12.00
# Visual Studio Version 17
VisualStudioVersion = 17.9.34714.143
MinimumVisualStudioVersion = 10.0.40219.1
Project("{9A19103F-16F7-4668-BE54-9A1E7A4F7556}") = "Entities", "Entities\Entities.csproj", "{3AAD9EF4-67BC-4390-BA29-75A6142F823A}"
EndProject
Project("{9A19103F-16F7-4668-BE54-9A1E7A4F7556}") = "Business", "Business\Business.csproj", "{77944AD3-9119-40D6-AEA3-BF601E60FBE4}"
EndProject
Project("{FAE04EC0-301F-11D3-BF4B-00C04F79EFBC}") = "WorkSpace", "WorkSpace\WorkSpace.csproj", "{2089137A-5CC4-4B3B-A5C3-21EDE0BF5095}"
EndProject
Global
	GlobalSection(SolutionConfigurationPlatforms) = preSolution
		Debug|Any CPU = Debug|Any CPU
		Release|Any CPU = Release|Any CPU
	EndGlobalSection
	GlobalSection(ProjectConfigurationPlatforms) = postSolution
		{3AAD9EF4-67BC-4390-BA29-75A6142F823A}.Debug|Any CPU.ActiveCfg = Debug|Any CPU
		{3AAD9EF4-67BC-4390-BA29-75A6142F823A}.Debug|Any CPU.Build.0 = Debug|Any CPU
		{3AAD9EF4-67BC-4390-BA29-75A6142F823A}.Release|Any CPU.ActiveCfg = Release|Any CPU
		{3AAD9EF4-67BC-4390-BA29-75A6142F823A}.Release|Any CPU.Build.0 = Release|Any CPU
		{77944AD3-9119-40D6-AEA3-BF601E60FBE4}.Debug|Any CPU.ActiveCfg = Debug|Any CPU
		{77944AD3-9119-40D6-AEA3-BF601E60FBE4}.Debug|Any CPU.Build.0 = Debug|Any CPU
		{77944AD3-9119-40D6-AEA3-BF601E60FBE4}.Release|Any CPU.ActiveCfg = Release|Any CPU
		{77944AD3-9119-40D6-AEA3-BF601E60FBE4}.Release|Any CPU.Build.0 = Release|Any CPU
		{2089137A-5CC4-4B3B-A5C3-21EDE0BF5095}.Debug|Any CPU.ActiveCfg = Debug|Any CPU
		{2089137A-5CC4-4B3B-A5C3-21EDE0BF5095}.Debug|Any CPU.Build.0 = Debug|Any CPU
		{2089137A-5CC4-4B3B-A5C3-21EDE0BF5095}.Release|Any CPU.ActiveCfg = Release|Any CPU
		{2089137A-5CC4-4B3B-A5C3-21EDE0BF5095}.Release|Any CPU.Build.0 = Release|Any CPU
	EndGlobalSection
	GlobalSection(SolutionProperties) = preSolution
		HideSolutionNode = FALSE
	EndGlobalSection
	GlobalSection(ExtensibilityGlobals) = postSolution
		SolutionGuid = {0E63ADAE-28FA-4F60-A897-1B733DE1C729}
	EndGlobalSection
EndGlobal
